
Microsoft Visual Studio Solution File, Format Version 12.00
# Visual Studio Version 17
VisualStudioVersion = 17.4.33213.308
MinimumVisualStudioVersion = 10.0.40219.1
Project("{FAE04EC0-301F-11D3-BF4B-00C04F79EFBC}") = "ОКФКС.1(3.0)", "ОКФКС.1(3.0)\ОКФКС.1(3.0).csproj", "{884CA7F7-82B7-44BB-9732-843EE20F57B5}"
EndProject
Global
	GlobalSection(SolutionConfigurationPlatforms) = preSolution
		Debug|Any CPU = Debug|Any CPU
		Release|Any CPU = Release|Any CPU
	EndGlobalSection
	GlobalSection(ProjectConfigurationPlatforms) = postSolution
		{884CA7F7-82B7-44BB-9732-843EE20F57B5}.Debug|Any CPU.ActiveCfg = Debug|Any CPU
		{884CA7F7-82B7-44BB-9732-843EE20F57B5}.Debug|Any CPU.Build.0 = Debug|Any CPU
		{884CA7F7-82B7-44BB-9732-843EE20F57B5}.Release|Any CPU.ActiveCfg = Release|Any CPU
		{884CA7F7-82B7-44BB-9732-843EE20F57B5}.Release|Any CPU.Build.0 = Release|Any CPU
	EndGlobalSection
	GlobalSection(SolutionProperties) = preSolution
		HideSolutionNode = FALSE
	EndGlobalSection
	GlobalSection(ExtensibilityGlobals) = postSolution
		SolutionGuid = {D64F6D11-AA50-46DB-BB91-CF1B413346FD}
	EndGlobalSection
EndGlobal
